
Microsoft Visual Studio Solution File, Format Version 12.00
# Visual Studio 15
VisualStudioVersion = 15.0.28307.1209
MinimumVisualStudioVersion = 10.0.40219.1
Project("{FAE04EC0-301F-11D3-BF4B-00C04F79EFBC}") = "ProjetoZero", "ProjetoZero\ProjetoZero.csproj", "{C0061F5F-D30B-4C16-B00C-2BA68A6DE595}"
EndProject
Global
	GlobalSection(SolutionConfigurationPlatforms) = preSolution
		Debug|Any CPU = Debug|Any CPU
		Release|Any CPU = Release|Any CPU
	EndGlobalSection
	GlobalSection(ProjectConfigurationPlatforms) = postSolution
		{C0061F5F-D30B-4C16-B00C-2BA68A6DE595}.Debug|Any CPU.ActiveCfg = Debug|Any CPU
		{C0061F5F-D30B-4C16-B00C-2BA68A6DE595}.Debug|Any CPU.Build.0 = Debug|Any CPU
		{C0061F5F-D30B-4C16-B00C-2BA68A6DE595}.Release|Any CPU.ActiveCfg = Release|Any CPU
		{C0061F5F-D30B-4C16-B00C-2BA68A6DE595}.Release|Any CPU.Build.0 = Release|Any CPU
	EndGlobalSection
	GlobalSection(SolutionProperties) = preSolution
		HideSolutionNode = FALSE
	EndGlobalSection
	GlobalSection(ExtensibilityGlobals) = postSolution
		SolutionGuid = {206D802C-336C-4982-AD6B-4718B20FCA98}
	EndGlobalSection
EndGlobal
